speakeasyVersion: 1.791.0
sources:
    Clay Public API:
        sourceNamespace: clay-public-api
        sourceRevisionDigest: sha256:8445d68d8b641ba90fb4dc83a02be2fd7bfe377ad16d7b251b6aca6cb54d3171
        sourceBlobDigest: sha256:4df283d7a49afe51427460aa1054c9205100be1655adf0ae297ab844264a0730
        tags:
            - latest
            - "0"
targets:
    clay:
        source: Clay Public API
        sourceNamespace: clay-public-api
        sourceRevisionDigest: sha256:8445d68d8b641ba90fb4dc83a02be2fd7bfe377ad16d7b251b6aca6cb54d3171
        sourceBlobDigest: sha256:4df283d7a49afe51427460aa1054c9205100be1655adf0ae297ab844264a0730
        codeSamplesNamespace: clay-public-api-python-code-samples
        codeSamplesRevisionDigest: sha256:d1b9888dede088aa37b22947faea4c2f95d586973eb267d1f16a81303fe303b7
workflow:
    workflowVersion: 1.0.0
    speakeasyVersion: latest
    sources:
        Clay Public API:
            inputs:
                - location: openapi/openapi.json
            overlays:
                - location: .speakeasy/overlays/method-names.overlay.yaml
                - location: .speakeasy/overlays/required-bodies.overlay.yaml
            output: .speakeasy/out.openapi.yaml
            registry:
                location: registry.speakeasyapi.dev/elviskahoro-mft/elviskahoro/clay-public-api
    targets:
        clay:
            target: python
            source: Clay Public API
            codeSamples:
                registry:
                    location: registry.speakeasyapi.dev/elviskahoro-mft/elviskahoro/clay-public-api-python-code-samples
                labelOverride:
                    fixedValue: Python (SDK)
                blocking: false
