speakeasyVersion: 1.789.3
sources:
    Clay Public API:
        sourceNamespace: clay-public-api
        sourceRevisionDigest: sha256:2776d0b3ec3a7fe847c6aae26012b0b19cc6b60ab1e613a2aac1d2df45debfaa
        sourceBlobDigest: sha256:02a57db60ad5bfec428b471aec4d65088a292745110e8c607410e5efd2f64518
        tags:
            - latest
            - "0"
targets:
    clay:
        source: Clay Public API
        sourceNamespace: clay-public-api
        sourceRevisionDigest: sha256:2776d0b3ec3a7fe847c6aae26012b0b19cc6b60ab1e613a2aac1d2df45debfaa
        sourceBlobDigest: sha256:02a57db60ad5bfec428b471aec4d65088a292745110e8c607410e5efd2f64518
        codeSamplesNamespace: clay-public-api-python-code-samples
        codeSamplesRevisionDigest: sha256:d1b9888dede088aa37b22947faea4c2f95d586973eb267d1f16a81303fe303b7
workflow:
    workflowVersion: 1.0.0
    speakeasyVersion: latest
    sources:
        Clay Public API:
            inputs:
                - location: openapi/openapi.json
            overlays:
                - location: .speakeasy/overlays/method-names.overlay.yaml
                - location: .speakeasy/overlays/required-bodies.overlay.yaml
            output: .speakeasy/out.openapi.yaml
            registry:
                location: registry.speakeasyapi.dev/elviskahoro-mft/elviskahoro/clay-public-api
    targets:
        clay:
            target: python
            source: Clay Public API
            codeSamples:
                registry:
                    location: registry.speakeasyapi.dev/elviskahoro-mft/elviskahoro/clay-public-api-python-code-samples
                labelOverride:
                    fixedValue: Python (SDK)
                blocking: false
